// !$*UTF8*$!
{
	archiveVersion = 1;
	classes = {
	};
	objectVersion = 50;
	objects = {

/* Begin PBXBuildFile section */
		1844B82C258A268B003193F9 /* ExploreContainerView.swift in Sources */ = {isa = PBXBuildFile; fileRef = 1844B82B258A268B003193F9 /* ExploreContainerView.swift */; };
		1844B82F258A2782003193F9 /* VideoCell.swift in Sources */ = {isa = PBXBuildFile; fileRef = 1844B82E258A2782003193F9 /* VideoCell.swift */; };
		1852B725258B60AF00E26DDE /* VideoReactsView.swift in Sources */ = {isa = PBXBuildFile; fileRef = 1852B724258B60AF00E26DDE /* VideoReactsView.swift */; };
		1852B727258B60C200E26DDE /* ReactsSingleView.swift in Sources */ = {isa = PBXBuildFile; fileRef = 1852B726258B60C200E26DDE /* ReactsSingleView.swift */; };
		1852B729258B610E00E26DDE /* VideoPlayerHeader.swift in Sources */ = {isa = PBXBuildFile; fileRef = 1852B728258B610E00E26DDE /* VideoPlayerHeader.swift */; };
		18C077D0258F522100EAF810 /* CacheManager.swift in Sources */ = {isa = PBXBuildFile; fileRef = 18C077CF258F522100EAF810 /* CacheManager.swift */; };
		18D02A4F258A2510006E721F /* AppDelegate.swift in Sources */ = {isa = PBXBuildFile; fileRef = 18D02A4E258A2510006E721F /* AppDelegate.swift */; };
		18D02A53258A2510006E721F /* ExploreViewController.swift in Sources */ = {isa = PBXBuildFile; fileRef = 18D02A52258A2510006E721F /* ExploreViewController.swift */; };
		18D02A58258A2512006E721F /* Assets.xcassets in Resources */ = {isa = PBXBuildFile; fileRef = 18D02A57258A2512006E721F /* Assets.xcassets */; };
		18D02A5B258A2512006E721F /* LaunchScreen.storyboard in Resources */ = {isa = PBXBuildFile; fileRef = 18D02A59258A2512006E721F /* LaunchScreen.storyboard */; };
		18D85201258A3AAA002A1835 /* VideoPlayerView.swift in Sources */ = {isa = PBXBuildFile; fileRef = 18D85200258A3AAA002A1835 /* VideoPlayerView.swift */; };
		18D85204258A7C92002A1835 /* DataService.swift in Sources */ = {isa = PBXBuildFile; fileRef = 18D85203258A7C92002A1835 /* DataService.swift */; };
/* End PBXBuildFile section */

/* Begin PBXFileReference section */
		1844B82B258A268B003193F9 /* ExploreContainerView.swift */ = {isa = PBXFileReference; lastKnownFileType = sourcecode.swift; path = ExploreContainerView.swift; sourceTree = "<group>"; };
		1844B82E258A2782003193F9 /* VideoCell.swift */ = {isa = PBXFileReference; lastKnownFileType = sourcecode.swift; path = VideoCell.swift; sourceTree = "<group>"; };
		1852B724258B60AF00E26DDE /* VideoReactsView.swift */ = {isa = PBXFileReference; lastKnownFileType = sourcecode.swift; path = VideoReactsView.swift; sourceTree = "<group>"; };
		1852B726258B60C200E26DDE /* ReactsSingleView.swift */ = {isa = PBXFileReference; lastKnownFileType = sourcecode.swift; path = ReactsSingleView.swift; sourceTree = "<group>"; };
		1852B728258B610E00E26DDE /* VideoPlayerHeader.swift */ = {isa = PBXFileReference; lastKnownFileType = sourcecode.swift; path = VideoPlayerHeader.swift; sourceTree = "<group>"; };
		18C077CF258F522100EAF810 /* CacheManager.swift */ = {isa = PBXFileReference; lastKnownFileType = sourcecode.swift; path = CacheManager.swift; sourceTree = "<group>"; };
		18D02A4B258A2510006E721F /* TiktokHomeScene.app */ = {isa = PBXFileReference; explicitFileType = wrapper.application; includeInIndex = 0; path = TiktokHomeScene.app; sourceTree = BUILT_PRODUCTS_DIR; };
		18D02A4E258A2510006E721F /* AppDelegate.swift */ = {isa = PBXFileReference; lastKnownFileType = sourcecode.swift; path = AppDelegate.swift; sourceTree = "<group>"; };
		18D02A52258A2510006E721F /* ExploreViewController.swift */ = {isa = PBXFileReference; lastKnownFileType = sourcecode.swift; path = ExploreViewController.swift; sourceTree = "<group>"; };
		18D02A57258A2512006E721F /* Assets.xcassets */ = {isa = PBXFileReference; lastKnownFileType = folder.assetcatalog; path = Assets.xcassets; sourceTree = "<group>"; };
		18D02A5A258A2512006E721F /* Base */ = {isa = PBXFileReference; lastKnownFileType = file.storyboard; name = Base; path = Base.lproj/LaunchScreen.storyboard; sourceTree = "<group>"; };
		18D02A5C258A2512006E721F /* Info.plist */ = {isa = PBXFileReference; lastKnownFileType = text.plist.xml; path = Info.plist; sourceTree = "<group>"; };
		18D85200258A3AAA002A1835 /* VideoPlayerView.swift */ = {isa = PBXFileReference; lastKnownFileType = sourcecode.swift; path = VideoPlayerView.swift; sourceTree = "<group>"; };
		18D85203258A7C92002A1835 /* DataService.swift */ = {isa = PBXFileReference; lastKnownFileType = sourcecode.swift; path = DataService.swift; sourceTree = "<group>"; };
/* End PBXFileReference section */

/* Begin PBXFrameworksBuildPhase section */
		18D02A48258A2510006E721F /* Frameworks */ = {
			isa = PBXFrameworksBuildPhase;
			buildActionMask = 2147483647;
			files = (
			);
			runOnlyForDeploymentPostprocessing = 0;
		};
/* End PBXFrameworksBuildPhase section */

/* Begin PBXGroup section */
		1844B82A258A267B003193F9 /* Scene */ = {
			isa = PBXGroup;
			children = (
				1844B82D258A2777003193F9 /* Cells */,
				18D02A52258A2510006E721F /* ExploreViewController.swift */,
				1844B82B258A268B003193F9 /* ExploreContainerView.swift */,
			);
			path = Scene;
			sourceTree = "<group>";
		};
		1844B82D258A2777003193F9 /* Cells */ = {
			isa = PBXGroup;
			children = (
				1844B82E258A2782003193F9 /* VideoCell.swift */,
			);
			path = Cells;
			sourceTree = "<group>";
		};
		18D02A42258A2510006E721F = {
			isa = PBXGroup;
			children = (
				18D02A4D258A2510006E721F /* TiktokHomeScene */,
				18D02A4C258A2510006E721F /* Products */,
			);
			sourceTree = "<group>";
		};
		18D02A4C258A2510006E721F /* Products */ = {
			isa = PBXGroup;
			children = (
				18D02A4B258A2510006E721F /* TiktokHomeScene.app */,
			);
			name = Products;
			sourceTree = "<group>";
		};
		18D02A4D258A2510006E721F /* TiktokHomeScene */ = {
			isa = PBXGroup;
			children = (
				18D85202258A7C8A002A1835 /* DataService */,
				18D851FF258A3A92002A1835 /* VideoPlayer */,
				1844B82A258A267B003193F9 /* Scene */,
				18D02A4E258A2510006E721F /* AppDelegate.swift */,
				18D02A57258A2512006E721F /* Assets.xcassets */,
				18D02A59258A2512006E721F /* LaunchScreen.storyboard */,
				18D02A5C258A2512006E721F /* Info.plist */,
			);
			path = TiktokHomeScene;
			sourceTree = "<group>";
		};
		18D851FF258A3A92002A1835 /* VideoPlayer */ = {
			isa = PBXGroup;
			children = (
				18D85200258A3AAA002A1835 /* VideoPlayerView.swift */,
				1852B724258B60AF00E26DDE /* VideoReactsView.swift */,
				1852B726258B60C200E26DDE /* ReactsSingleView.swift */,
				1852B728258B610E00E26DDE /* VideoPlayerHeader.swift */,
			);
			path = VideoPlayer;
			sourceTree = "<group>";
		};
		18D85202258A7C8A002A1835 /* DataService */ = {
			isa = PBXGroup;
			children = (
				18D85203258A7C92002A1835 /* DataService.swift */,
				18C077CF258F522100EAF810 /* CacheManager.swift */,
			);
			path = DataService;
			sourceTree = "<group>";
		};
/* End PBXGroup section */

/* Begin PBXNativeTarget section */
		18D02A4A258A2510006E721F /* TiktokHomeScene */ = {
			isa = PBXNativeTarget;
			buildConfigurationList = 18D02A5F258A2512006E721F /* Build configuration list for PBXNativeTarget "TiktokHomeScene" */;
			buildPhases = (
				18D02A47258A2510006E721F /* Sources */,
				18D02A48258A2510006E721F /* Frameworks */,
				18D02A49258A2510006E721F /* Resources */,
			);
			buildRules = (
			);
			dependencies = (
			);
			name = TiktokHomeScene;
			productName = TiktokHomeScene;
			productReference = 18D02A4B258A2510006E721F /* TiktokHomeScene.app */;
			productType = "com.apple.product-type.application";
		};
/* End PBXNativeTarget section */

/* Begin PBXProject section */
		18D02A43258A2510006E721F /* Project object */ = {
			isa = PBXProject;
			attributes = {
				LastSwiftUpdateCheck = 1150;
				LastUpgradeCheck = 1150;
				ORGANIZATIONNAME = Nejmo;
				TargetAttributes = {
					18D02A4A258A2510006E721F = {
						CreatedOnToolsVersion = 11.5;
					};
				};
			};
			buildConfigurationList = 18D02A46258A2510006E721F /* Build configuration list for PBXProject "TiktokHomeScene" */;
			compatibilityVersion = "Xcode 9.3";
			developmentRegion = en;
			hasScannedForEncodings = 0;
			knownRegions = (
				en,
				Base,
			);
			mainGroup = 18D02A42258A2510006E721F;
			productRefGroup = 18D02A4C258A2510006E721F /* Products */;
			projectDirPath = "";
			projectRoot = "";
			targets = (
				18D02A4A258A2510006E721F /* TiktokHomeScene */,
			);
		};
/* End PBXProject section */

/* Begin PBXResourcesBuildPhase section */
		18D02A49258A2510006E721F /* Resources */ = {
			isa = PBXResourcesBuildPhase;
			buildActionMask = 2147483647;
			files = (
				18D02A5B258A2512006E721F /* LaunchScreen.storyboard in Resources */,
				18D02A58258A2512006E721F /* Assets.xcassets in Resources */,
			);
			runOnlyForDeploymentPostprocessing = 0;
		};
/* End PBXResourcesBuildPhase section */

/* Begin PBXSourcesBuildPhase section */
		18D02A47258A2510006E721F /* Sources */ = {
			isa = PBXSourcesBuildPhase;
			buildActionMask = 2147483647;
			files = (
				1852B727258B60C200E26DDE /* ReactsSingleView.swift in Sources */,
				1852B725258B60AF00E26DDE /* VideoReactsView.swift in Sources */,
				18D02A53258A2510006E721F /* ExploreViewController.swift in Sources */,
				1844B82F258A2782003193F9 /* VideoCell.swift in Sources */,
				18D02A4F258A2510006E721F /* AppDelegate.swift in Sources */,
				18D85204258A7C92002A1835 /* DataService.swift in Sources */,
				18C077D0258F522100EAF810 /* CacheManager.swift in Sources */,
				1844B82C258A268B003193F9 /* ExploreContainerView.swift in Sources */,
				1852B729258B610E00E26DDE /* VideoPlayerHeader.swift in Sources */,
				18D85201258A3AAA002A1835 /* VideoPlayerView.swift in Sources */,
			);
			runOnlyForDeploymentPostprocessing = 0;
		};
/* End PBXSourcesBuildPhase section */

/* Begin PBXVariantGroup section */
		18D02A59258A2512006E721F /* LaunchScreen.storyboard */ = {
			isa = PBXVariantGroup;
			children = (
				18D02A5A258A2512006E721F /* Base */,
			);
			name = LaunchScreen.storyboard;
			sourceTree = "<group>";
		};
/* End PBXVariantGroup section */

/* Begin XCBuildConfiguration section */
		18D02A5D258A2512006E721F /* Debug */ = {
			isa = XCBuildConfiguration;
			buildSettings = {
				ALWAYS_SEARCH_USER_PATHS = NO;
				CLANG_ANALYZER_NONNULL = YES;
				CLANG_ANALYZER_NUMBER_OBJECT_CONVERSION = YES_AGGRESSIVE;
				CLANG_CXX_LANGUAGE_STANDARD = "gnu++14";
				CLANG_CXX_LIBRARY = "libc++";
				CLANG_ENABLE_MODULES = YES;
				CLANG_ENABLE_OBJC_ARC = YES;
				CLANG_ENABLE_OBJC_WEAK = YES;
				CLANG_WARN_BLOCK_CAPTURE_AUTORELEASING = YES;
				CLANG_WARN_BOOL_CONVERSION = YES;
				CLANG_WARN_COMMA = YES;
				CLANG_WARN_CONSTANT_CONVERSION = YES;
				CLANG_WARN_DEPRECATED_OBJC_IMPLEMENTATIONS = YES;
				CLANG_WARN_DIRECT_OBJC_ISA_USAGE = YES_ERROR;
				CLANG_WARN_DOCUMENTATION_COMMENTS = YES;
				CLANG_WARN_EMPTY_BODY = YES;
				CLANG_WARN_ENUM_CONVERSION = YES;
				CLANG_WARN_INFINITE_RECURSION = YES;
				CLANG_WARN_INT_CONVERSION = YES;
				CLANG_WARN_NON_LITERAL_NULL_CONVERSION = YES;
				CLANG_WARN_OBJC_IMPLICIT_RETAIN_SELF = YES;
				CLANG_WARN_OBJC_LITERAL_CONVERSION = YES;
				CLANG_WARN_OBJC_ROOT_CLASS = YES_ERROR;
				CLANG_WARN_RANGE_LOOP_ANALYSIS = YES;
				CLANG_WARN_STRICT_PROTOTYPES = YES;
				CLANG_WARN_SUSPICIOUS_MOVE = YES;
				CLANG_WARN_UNGUARDED_AVAILABILITY = YES_AGGRESSIVE;
				CLANG_WARN_UNREACHABLE_CODE = YES;
				CLANG_WARN__DUPLICATE_METHOD_MATCH = YES;
				COPY_PHASE_STRIP = NO;
				DEBUG_INFORMATION_FORMAT = dwarf;
				ENABLE_STRICT_OBJC_MSGSEND = YES;
				ENABLE_TESTABILITY = YES;
				GCC_C_LANGUAGE_STANDARD = gnu11;
				GCC_DYNAMIC_NO_PIC = NO;
				GCC_NO_COMMON_BLOCKS = YES;
				GCC_OPTIMIZATION_LEVEL = 0;
				GCC_PREPROCESSOR_DEFINITIONS = (
					"DEBUG=1",
					"$(inherited)",
				);
				GCC_WARN_64_TO_32_BIT_CONVERSION = YES;
				GCC_WARN_ABOUT_RETURN_TYPE = YES_ERROR;
				GCC_WARN_UNDECLARED_SELECTOR = YES;
				GCC_WARN_UNINITIALIZED_AUTOS = YES_AGGRESSIVE;
				GCC_WARN_UNUSED_FUNCTION = YES;
				GCC_WARN_UNUSED_VARIABLE = YES;
				IPHONEOS_DEPLOYMENT_TARGET = 13.5;
				MTL_ENABLE_DEBUG_INFO = INCLUDE_SOURCE;
				MTL_FAST_MATH = YES;
				ONLY_ACTIVE_ARCH = YES;
				SDKROOT = iphoneos;
				SWIFT_ACTIVE_COMPILATION_CONDITIONS = DEBUG;
				SWIFT_OPTIMIZATION_LEVEL = "-Onone";
			};
			name = Debug;
		};
		18D02A5E258A2512006E721F /* Release */ = {
			isa = XCBuildConfiguration;
			buildSettings = {
				ALWAYS_SEARCH_USER_PATHS = NO;
				CLANG_ANALYZER_NONNULL = YES;
				CLANG_ANALYZER_NUMBER_OBJECT_CONVERSION = YES_AGGRESSIVE;
				CLANG_CXX_LANGUAGE_STANDARD = "gnu++14";
				CLANG_CXX_LIBRARY = "libc++";
				CLANG_ENABLE_MODULES = YES;
				CLANG_ENABLE_OBJC_ARC = YES;
				CLANG_ENABLE_OBJC_WEAK = YES;
				CLANG_WARN_BLOCK_CAPTURE_AUTORELEASING = YES;
				CLANG_WARN_BOOL_CONVERSION = YES;
				CLANG_WARN_COMMA = YES;
				CLANG_WARN_CONSTANT_CONVERSION = YES;
				CLANG_WARN_DEPRECATED_OBJC_IMPLEMENTATIONS = YES;
				CLANG_WARN_DIRECT_OBJC_ISA_USAGE = YES_ERROR;
				CLANG_WARN_DOCUMENTATION_COMMENTS = YES;
				CLANG_WARN_EMPTY_BODY = YES;
				CLANG_WARN_ENUM_CONVERSION = YES;
				CLANG_WARN_INFINITE_RECURSION = YES;
				CLANG_WARN_INT_CONVERSION = YES;
				CLANG_WARN_NON_LITERAL_NULL_CONVERSION = YES;
				CLANG_WARN_OBJC_IMPLICIT_RETAIN_SELF = YES;
				CLANG_WARN_OBJC_LITERAL_CONVERSION = YES;
				CLANG_WARN_OBJC_ROOT_CLASS = YES_ERROR;
				CLANG_WARN_RANGE_LOOP_ANALYSIS = YES;
				CLANG_WARN_STRICT_PROTOTYPES = YES;
				CLANG_WARN_SUSPICIOUS_MOVE = YES;
				CLANG_WARN_UNGUARDED_AVAILABILITY = YES_AGGRESSIVE;
				CLANG_WARN_UNREACHABLE_CODE = YES;
				CLANG_WARN__DUPLICATE_METHOD_MATCH = YES;
				COPY_PHASE_STRIP = NO;
				DEBUG_INFORMATION_FORMAT = "dwarf-with-dsym";
				ENABLE_NS_ASSERTIONS = NO;
				ENABLE_STRICT_OBJC_MSGSEND = YES;
				GCC_C_LANGUAGE_STANDARD = gnu11;
				GCC_NO_COMMON_BLOCKS = YES;
				GCC_WARN_64_TO_32_BIT_CONVERSION = YES;
				GCC_WARN_ABOUT_RETURN_TYPE = YES_ERROR;
				GCC_WARN_UNDECLARED_SELECTOR = YES;
				GCC_WARN_UNINITIALIZED_AUTOS = YES_AGGRESSIVE;
				GCC_WARN_UNUSED_FUNCTION = YES;
				GCC_WARN_UNUSED_VARIABLE = YES;
				IPHONEOS_DEPLOYMENT_TARGET = 13.5;
				MTL_ENABLE_DEBUG_INFO = NO;
				MTL_FAST_MATH = YES;
				SDKROOT = iphoneos;
				SWIFT_COMPILATION_MODE = wholemodule;
				SWIFT_OPTIMIZATION_LEVEL = "-O";
				VALIDATE_PRODUCT = YES;
			};
			name = Release;
		};
		18D02A60258A2512006E721F /* Debug */ = {
			isa = XCBuildConfiguration;
			buildSettings = {
				ASSETCATALOG_COMPILER_APPICON_NAME = AppIcon;
				CODE_SIGN_STYLE = Automatic;
				DEVELOPMENT_TEAM = X43742Y6HU;
				INFOPLIST_FILE = TiktokHomeScene/Info.plist;
				LD_RUNPATH_SEARCH_PATHS = (
					"$(inherited)",
					"@executable_path/Frameworks",
				);
				PRODUCT_BUNDLE_IDENTIFIER = com.nejmo.TikTokHomeScene.TiktokHomeScene;
				PRODUCT_NAME = "$(TARGET_NAME)";
				SWIFT_VERSION = 5.0;
				TARGETED_DEVICE_FAMILY = "1,2";
			};
			name = Debug;
		};
		18D02A61258A2512006E721F /* Release */ = {
			isa = XCBuildConfiguration;
			buildSettings = {
				ASSETCATALOG_COMPILER_APPICON_NAME = AppIcon;
				CODE_SIGN_STYLE = Automatic;
				DEVELOPMENT_TEAM = X43742Y6HU;
				INFOPLIST_FILE = TiktokHomeScene/Info.plist;
				LD_RUNPATH_SEARCH_PATHS = (
					"$(inherited)",
					"@executable_path/Frameworks",
				);
				PRODUCT_BUNDLE_IDENTIFIER = com.nejmo.TikTokHomeScene.TiktokHomeScene;
				PRODUCT_NAME = "$(TARGET_NAME)";
				SWIFT_VERSION = 5.0;
				TARGETED_DEVICE_FAMILY = "1,2";
			};
			name = Release;
		};
/* End XCBuildConfiguration section */

/* Begin XCConfigurationList section */
		18D02A46258A2510006E721F /* Build configuration list for PBXProject "TiktokHomeScene" */ = {
			isa = XCConfigurationList;
			buildConfigurations = (
				18D02A5D258A2512006E721F /* Debug */,
				18D02A5E258A2512006E721F /* Release */,
			);
			defaultConfigurationIsVisible = 0;
			defaultConfigurationName = Release;
		};
		18D02A5F258A2512006E721F /* Build configuration list for PBXNativeTarget "TiktokHomeScene" */ = {
			isa = XCConfigurationList;
			buildConfigurations = (
				18D02A60258A2512006E721F /* Debug */,
				18D02A61258A2512006E721F /* Release */,
			);
			defaultConfigurationIsVisible = 0;
			defaultConfigurationName = Release;
		};
/* End XCConfigurationList section */
	};
	rootObject = 18D02A43258A2510006E721F /* Project object */;
}
